
Microsoft Visual Studio Solution File, Format Version 11.00
# Visual C# Express 2010
Project("{FAE04EC0-301F-11D3-BF4B-00C04F79EFBC}") = "GameOfLife", "GameOfLife\GameOfLife\GameOfLife.csproj", "{DEC9A7DB-14BA-4D42-8892-7FD24C80F608}"
EndProject
Project("{96E2B04D-8817-42C6-938A-82C39BA4D311}") = "GameOfLifeContent", "GameOfLife\GameOfLifeContent\GameOfLifeContent.contentproj", "{E0A1DD79-DEBF-4595-8D20-CD65E56B7C0E}"
EndProject
Global
	GlobalSection(SolutionConfigurationPlatforms) = preSolution
		Debug|x86 = Debug|x86
		Release|x86 = Release|x86
	EndGlobalSection
	GlobalSection(ProjectConfigurationPlatforms) = postSolution
		{DEC9A7DB-14BA-4D42-8892-7FD24C80F608}.Debug|x86.ActiveCfg = Debug|x86
		{DEC9A7DB-14BA-4D42-8892-7FD24C80F608}.Debug|x86.Build.0 = Debug|x86
		{DEC9A7DB-14BA-4D42-8892-7FD24C80F608}.Release|x86.ActiveCfg = Release|x86
		{DEC9A7DB-14BA-4D42-8892-7FD24C80F608}.Release|x86.Build.0 = Release|x86
		{E0A1DD79-DEBF-4595-8D20-CD65E56B7C0E}.Debug|x86.ActiveCfg = Debug|x86
		{E0A1DD79-DEBF-4595-8D20-CD65E56B7C0E}.Release|x86.ActiveCfg = Release|x86
	EndGlobalSection
	GlobalSection(SolutionProperties) = preSolution
		HideSolutionNode = FALSE
	EndGlobalSection
EndGlobal
